
Microsoft Visual Studio Solution File, Format Version 12.00
# Visual Studio Version 16
VisualStudioVersion = 16.0.31112.23
MinimumVisualStudioVersion = 10.0.40219.1
Project("{FAE04EC0-301F-11D3-BF4B-00C04F79EFBC}") = "DataAccess", "DataAccess\DataAccess.csproj", "{A8D4708D-A8E0-4795-9437-92F939FC9AAD}"
EndProject
Project("{FAE04EC0-301F-11D3-BF4B-00C04F79EFBC}") = "Business", "Business\Business.csproj", "{9AD9AA2C-4566-4A03-A6C5-E9C7C2BE5C69}"
EndProject
Project("{FAE04EC0-301F-11D3-BF4B-00C04F79EFBC}") = "Entities", "Entities\Entities.csproj", "{29D20D50-F306-4DDF-ABBF-6D4B32923415}"
EndProject
Project("{FAE04EC0-301F-11D3-BF4B-00C04F79EFBC}") = "ConsolUI", "ConsolUI\ConsolUI.csproj", "{119C8DA7-58E9-4640-9A6A-EF3F5A5BECFE}"
EndProject
Global
	GlobalSection(SolutionConfigurationPlatforms) = preSolution
		Debug|Any CPU = Debug|Any CPU
		Release|Any CPU = Release|Any CPU
	EndGlobalSection
	GlobalSection(ProjectConfigurationPlatforms) = postSolution
		{A8D4708D-A8E0-4795-9437-92F939FC9AAD}.Debug|Any CPU.ActiveCfg = Debug|Any CPU
		{A8D4708D-A8E0-4795-9437-92F939FC9AAD}.Debug|Any CPU.Build.0 = Debug|Any CPU
		{A8D4708D-A8E0-4795-9437-92F939FC9AAD}.Release|Any CPU.ActiveCfg = Release|Any CPU
		{A8D4708D-A8E0-4795-9437-92F939FC9AAD}.Release|Any CPU.Build.0 = Release|Any CPU
		{9AD9AA2C-4566-4A03-A6C5-E9C7C2BE5C69}.Debug|Any CPU.ActiveCfg = Debug|Any CPU
		{9AD9AA2C-4566-4A03-A6C5-E9C7C2BE5C69}.Debug|Any CPU.Build.0 = Debug|Any CPU
		{9AD9AA2C-4566-4A03-A6C5-E9C7C2BE5C69}.Release|Any CPU.ActiveCfg = Release|Any CPU
		{9AD9AA2C-4566-4A03-A6C5-E9C7C2BE5C69}.Release|Any CPU.Build.0 = Release|Any CPU
		{29D20D50-F306-4DDF-ABBF-6D4B32923415}.Debug|Any CPU.ActiveCfg = Debug|Any CPU
		{29D20D50-F306-4DDF-ABBF-6D4B32923415}.Debug|Any CPU.Build.0 = Debug|Any CPU
		{29D20D50-F306-4DDF-ABBF-6D4B32923415}.Release|Any CPU.ActiveCfg = Release|Any CPU
		{29D20D50-F306-4DDF-ABBF-6D4B32923415}.Release|Any CPU.Build.0 = Release|Any CPU
		{119C8DA7-58E9-4640-9A6A-EF3F5A5BECFE}.Debug|Any CPU.ActiveCfg = Debug|Any CPU
		{119C8DA7-58E9-4640-9A6A-EF3F5A5BECFE}.Debug|Any CPU.Build.0 = Debug|Any CPU
		{119C8DA7-58E9-4640-9A6A-EF3F5A5BECFE}.Release|Any CPU.ActiveCfg = Release|Any CPU
		{119C8DA7-58E9-4640-9A6A-EF3F5A5BECFE}.Release|Any CPU.Build.0 = Release|Any CPU
	EndGlobalSection
	GlobalSection(SolutionProperties) = preSolution
		HideSolutionNode = FALSE
	EndGlobalSection
	GlobalSection(ExtensibilityGlobals) = postSolution
		SolutionGuid = {E158FC21-AE1E-4166-A050-AF8CF528D266}
	EndGlobalSection
EndGlobal
